github.com/creachadair/mds v0.25.12 h1:Erqb/4yVG3rBBKlBQVhGJRU4y/u5xB+MAe7UhqfrgCs=
github.com/creachadair/mds v0.25.12/go.mod h1:4hatI3hRM+qhzuAmqPRFvaBM8mONkS7nsLxkcuTYUIs=
github.com/creachadair/tlsutil v0.0.0-20251002031846-2dec1662ac0e h1:XiWgocg4lXZ5SrsachXmuudcA8ehmBpzcssFo97qBe8=
github.com/creachadair/tlsutil v0.0.0-20251002031846-2dec1662ac0e/go.mod h1:2YsNzzLSmjjWSKpwtBrdrgwqkdhNYYtTYMF1UsopEeA=
github.com/google/go-cmp v0.7.0 h1:wk8382ETsv4JYUZwIsn6YpYiWiBsYLSJiTsyBybVuN8=
github.com/google/go-cmp v0.7.0/go.mod h1:pXiqmnSA92OHEEa9HXL2W4E7lf9JzCmGVUdgjX3N/iU=
