github.com/creachadair/tlsutil v0.0.0-20240901051800-c769f173a559 h1:8hlU8ebt2lI//6sFj6ICE6mN6c6Uvj4588XilSqpmu8=
github.com/creachadair/tlsutil v0.0.0-20240901051800-c769f173a559/go.mod h1:q4s/lgXyN9Cn3nwDvFKbVy65nWNv7mPSYnDM1ShRfjo=
github.com/google/go-cmp v0.6.0 h1:ofyhxvXcZhMsU5ulbFiLKl/XBFqE1GSq7atu8tAmTRI=
github.com/google/go-cmp v0.6.0/go.mod h1:17dUlkBOakJ0+DkrSSNjCkIjxS6bF9zb3elmeNGIjoY=
